
Microsoft Visual Studio Solution File, Format Version 12.00
# Visual Studio 14
VisualStudioVersion = 14.0.25420.1
MinimumVisualStudioVersion = 10.0.40219.1
Project("{FAE04EC0-301F-11D3-BF4B-00C04F79EFBC}") = "Com.Centaline.Framework.SqlExport.Test.Web", "Com.Centaline.Framework.SqlExport.Test.Web\Com.Centaline.Framework.SqlExport.Test.Web.csproj", "{18CC8200-223D-4180-B214-C9B5586CB0DA}"
EndProject
Project("{FAE04EC0-301F-11D3-BF4B-00C04F79EFBC}") = "Com.Centaline.Framework.SqlExport", "Com.Centaline.Framework.SqlExport\Com.Centaline.Framework.SqlExport.csproj", "{36C24EE0-338E-4279-8123-7AC3FFC5EAB5}"
EndProject
Global
	GlobalSection(SolutionConfigurationPlatforms) = preSolution
		DEV|Any CPU = DEV|Any CPU
		PRO|Any CPU = PRO|Any CPU
		TEST|Any CPU = TEST|Any CPU
		UAT|Any CPU = UAT|Any CPU
	EndGlobalSection
	GlobalSection(ProjectConfigurationPlatforms) = postSolution
		{18CC8200-223D-4180-B214-C9B5586CB0DA}.DEV|Any CPU.ActiveCfg = DEV|Any CPU
		{18CC8200-223D-4180-B214-C9B5586CB0DA}.DEV|Any CPU.Build.0 = DEV|Any CPU
		{18CC8200-223D-4180-B214-C9B5586CB0DA}.PRO|Any CPU.ActiveCfg = PRO|Any CPU
		{18CC8200-223D-4180-B214-C9B5586CB0DA}.PRO|Any CPU.Build.0 = PRO|Any CPU
		{18CC8200-223D-4180-B214-C9B5586CB0DA}.TEST|Any CPU.ActiveCfg = TEST|Any CPU
		{18CC8200-223D-4180-B214-C9B5586CB0DA}.TEST|Any CPU.Build.0 = TEST|Any CPU
		{18CC8200-223D-4180-B214-C9B5586CB0DA}.UAT|Any CPU.ActiveCfg = UAT|Any CPU
		{18CC8200-223D-4180-B214-C9B5586CB0DA}.UAT|Any CPU.Build.0 = UAT|Any CPU
		{36C24EE0-338E-4279-8123-7AC3FFC5EAB5}.DEV|Any CPU.ActiveCfg = DEV|Any CPU
		{36C24EE0-338E-4279-8123-7AC3FFC5EAB5}.DEV|Any CPU.Build.0 = DEV|Any CPU
		{36C24EE0-338E-4279-8123-7AC3FFC5EAB5}.PRO|Any CPU.ActiveCfg = PRO|Any CPU
		{36C24EE0-338E-4279-8123-7AC3FFC5EAB5}.PRO|Any CPU.Build.0 = PRO|Any CPU
		{36C24EE0-338E-4279-8123-7AC3FFC5EAB5}.TEST|Any CPU.ActiveCfg = TEST|Any CPU
		{36C24EE0-338E-4279-8123-7AC3FFC5EAB5}.TEST|Any CPU.Build.0 = TEST|Any CPU
		{36C24EE0-338E-4279-8123-7AC3FFC5EAB5}.UAT|Any CPU.ActiveCfg = UAT|Any CPU
		{36C24EE0-338E-4279-8123-7AC3FFC5EAB5}.UAT|Any CPU.Build.0 = UAT|Any CPU
	EndGlobalSection
	GlobalSection(SolutionProperties) = preSolution
		HideSolutionNode = FALSE
	EndGlobalSection
EndGlobal
